
Microsoft Visual Studio Solution File, Format Version 12.00
# Visual Studio Version 17
VisualStudioVersion = 17.7.34024.191
MinimumVisualStudioVersion = 10.0.40219.1
Project("{8BC9CEB8-8B4A-11D0-8D11-00A0C91BC942}") = "lab7", "lab7.vcxproj", "{21C8CC76-6287-4BA3-A2AD-89BC901BC801}"
EndProject
Global
	GlobalSection(SolutionConfigurationPlatforms) = preSolution
		Debug|x64 = Debug|x64
		Release|x64 = Release|x64
	EndGlobalSection
	GlobalSection(ProjectConfigurationPlatforms) = postSolution
		{21C8CC76-6287-4BA3-A2AD-89BC901BC801}.Debug|x64.ActiveCfg = Debug|x64
		{21C8CC76-6287-4BA3-A2AD-89BC901BC801}.Debug|x64.Build.0 = Debug|x64
		{21C8CC76-6287-4BA3-A2AD-89BC901BC801}.Release|x64.ActiveCfg = Release|x64
		{21C8CC76-6287-4BA3-A2AD-89BC901BC801}.Release|x64.Build.0 = Release|x64
	EndGlobalSection
	GlobalSection(SolutionProperties) = preSolution
		HideSolutionNode = FALSE
	EndGlobalSection
	GlobalSection(ExtensibilityGlobals) = postSolution
		SolutionGuid = {E50C072B-771A-4153-87D9-C0904448A220}
	EndGlobalSection
EndGlobal
